lockfileVersion: '9.0'

settings:
  autoInstallPeers: true
  excludeLinksFromLockfile: false

importers:

  .:
    dependencies:
      '@ffmpeg/ffmpeg':
        specifier: ^0.12.15
        version: 0.12.15
      '@ffmpeg/util':
        specifier: ^0.12.2
        version: 0.12.2
      '@hookform/resolvers':
        specifier: ^5.2.2
        version: 5.7.1(class-validator@0.14.3)(react-hook-form@7.84.0(react@19.2.8))(zod@3.25.76)
      '@lovable.dev/cloud-auth-js':
        specifier: ^1.1.2
        version: 1.1.2
      '@radix-ui/react-accordion':
        specifier: ^1.2.12
        version: 1.2.20(@types/react-dom@19.2.4(@types/react@19.2.18))(@types/react@19.2.18)(react-dom@19.2.8(react@19.2.8))(react@19.2.8)
      '@radix-ui/react-alert-dialog':
        specifier: ^1.1.15
        version: 1.1.23(@types/react-dom@19.2.4(@types/react@19.2.18))(@types/react@19.2.18)(react-dom@19.2.8(react@19.2.8))(react@19.2.8)
      '@radix-ui/react-aspect-ratio':
        specifier: ^1.1.8
        version: 1.1.15(@types/react-dom@19.2.4(@types/react@19.2.18))(@types/react@19.2.18)(react-dom@19.2.8(react@19.2.8))(react@19.2.8)
      '@radix-ui/react-avatar':
        specifier: ^1.1.11
        version: 1.2.6(@types/react-dom@19.2.4(@types/react@19.2.18))(@types/react@19.2.18)(react-dom@19.2.8(react@19.2.8))(react@19.2.8)
      '@radix-ui/react-checkbox':
        specifier: ^1.3.3
        version: 1.3.11(@types/react-dom@19.2.4(@types/react@19.2.18))(@types/react@19.2.18)(react-dom@19.2.8(react@19.2.8))(react@19.2.8)
      '@radix-ui/react-collapsible':
        specifier: ^1.1.12
        version: 1.1.20(@types/react-dom@19.2.4(@types/react@19.2.18))(@types/react@19.2.18)(react-dom@19.2.8(react@19.2.8))(react@19.2.8)
      '@radix-ui/react-context-menu':
        specifier: ^2.2.16
        version: 2.3.7(@types/react-dom@19.2.4(@types/react@19.2.18))(@types/react@19.2.18)(react-dom@19.2.8(react@19.2.8))(react@19.2.8)
      '@radix-ui/react-dialog':
        specifier: ^1.1.15
        version: 1.1.23(@types/react-dom@19.2.4(@types/react@19.2.18))(@types/react@19.2.18)(react-dom@19.2.8(react@19.2.8))(react@19.2.8)
      '@radix-ui/react-dropdown-menu':
        specifier: ^2.1.16
        version: 2.1.24(@types/react-dom@19.2.4(@types/react@19.2.18))(@types/react@19.2.18)(react-dom@19.2.8(react@19.2.8))(react@19.2.8)
      '@radix-ui/react-hover-card':
        specifier: ^1.1.15
        version: 1.1.23(@types/react-dom@19.2.4(@types/react@19.2.18))(@types/react@19.2.18)(react-dom@19.2.8(react@19.2.8))(react@19.2.8)
      '@radix-ui/react-label':
        specifier: ^2.1.8
        version: 2.1.15(@types/react-dom@19.2.4(@types/react@19.2.18))(@types/react@19.2.18)(react-dom@19.2.8(react@19.2.8))(react@19.2.8)
      '@radix-ui/react-menubar':
        specifier: ^1.1.16
        version: 1.1.24(@types/react-dom@19.2.4(@types/react@19.2.18))(@types/react@19.2.18)(react-dom@19.2.8(react@19.2.8))(react@19.2.8)
      '@radix-ui/react-navigation-menu':
        specifier: ^1.2.14
        version: 1.2.22(@types/react-dom@19.2.4(@types/react@19.2.18))(@types/react@19.2.18)(react-dom@19.2.8(react@19.2.8))(react@19.2.8)
      '@radix-ui/react-popover':
        specifier: ^1.1.15
        version: 1.1.23(@types/react-dom@19.2.4(@types/react@19.2.18))(@types/react@19.2.18)(react-dom@19.2.8(react@19.2.8))(react@19.2.8)
      '@radix-ui/react-progress':
        specifier: ^1.1.8
        version: 1.1.16(@types/react-dom@19.2.4(@types/react@19.2.18))(@types/react@19.2.18)(react-dom@19.2.8(react@19.2.8))(react@19.2.8)
      '@radix-ui/react-radio-group':
        specifier: ^1.3.8
        version: 1.4.7(@types/react-dom@19.2.4(@types/react@19.2.18))(@types/react@19.2.18)(react-dom@19.2.8(react@19.2.8))(react@19.2.8)
      '@radix-ui/react-scroll-area':
        specifier: ^1.2.10
        version: 1.2.18(@types/react-dom@19.2.4(@types/react@19.2.18))(@types/react@19.2.18)(react-dom@19.2.8(react@19.2.8))(react@19.2.8)
      '@radix-ui/react-select':
        specifier: ^2.2.6
        version: 2.3.7(@types/react-dom@19.2.4(@types/react@19.2.18))(@types/react@19.2.18)(react-dom@19.2.8(react@19.2.8))(react@19.2.8)
      '@radix-ui/react-separator':
        specifier: ^1.1.8
        version: 1.1.15(@types/react-dom@19.2.4(@types/react@19.2.18))(@types/react@19.2.18)(react-dom@19.2.8(react@19.2.8))(react@19.2.8)
      '@radix-ui/react-slider':
        specifier: ^1.3.6
        version: 1.4.7(@types/react-dom@19.2.4(@types/react@19.2.18))(@types/react@19.2.18)(react-dom@19.2.8(react@19.2.8))(react@19.2.8)
      '@radix-ui/react-slot':
        specifier: ^1.2.4
        version: 1.3.3(@types/react@19.2.18)(react@19.2.8)
      '@radix-ui/react-switch':
        specifier: ^1.2.6
        version: 1.3.7(@types/react-dom@19.2.4(@types/react@19.2.18))(@types/react@19.2.18)(react-dom@19.2.8(react@19.2.8))(react@19.2.8)
      '@radix-ui/react-tabs':
        specifier: ^1.1.13
        version: 1.1.21(@types/react-dom@19.2.4(@types/react@19.2.18))(@types/react@19.2.18)(react-dom@19.2.8(react@19.2.8))(react@19.2.8)
      '@radix-ui/react-toggle':
        specifier: ^1.1.10
        version: 1.1.18(@types/react-dom@19.2.4(@types/react@19.2.18))(@types/react@19.2.18)(react-dom@19.2.8(react@19.2.8))(react@19.2.8)
      '@radix-ui/react-toggle-group':
        specifier: ^1.1.11
        version: 1.1.19(@types/react-dom@19.2.4(@types/react@19.2.18))(@types/react@19.2.18)(react-dom@19.2.8(react@19.2.8))(react@19.2.8)
      '@radix-ui/react-tooltip':
        specifier: ^1.2.8
        version: 1.2.16(@types/react-dom@19.2.4(@types/react@19.2.18))(@types/react@19.2.18)(react-dom@19.2.8(react@19.2.8))(react@19.2.8)
      '@supabase/supabase-js':
        specifier: ^2.110.0
        version: 2.112.0
      '@tailwindcss/vite':
        specifier: ^4.2.1
        version: 4.3.3(vite@8.2.0(@types/node@22.20.1)(jiti@2.7.0))
      '@tanstack/react-query':
        specifier: ^5.101.1
        version: 5.101.4(react@19.2.8)
      '@tanstack/react-router':
        specifier: ^1.170.16
        version: 1.170.18(react-dom@19.2.8(react@19.2.8))(react@19.2.8)
      '@tanstack/react-start':
        specifier: ^1.168.26
        version: 1.168.35(crossws@0.4.10(srvx@0.11.22))(react-dom@19.2.8(react@19.2.8))(react@19.2.8)(rolldown@1.2.2)(vite@8.2.0(@types/node@22.20.1)(jiti@2.7.0))
      '@tanstack/router-plugin':
        specifier: ^1.168.18
        version: 1.168.23(@tanstack/react-router@1.170.18(react-dom@19.2.8(react@19.2.8))(react@19.2.8))(rolldown@1.2.2)(vite@8.2.0(@types/node@22.20.1)(jiti@2.7.0))
      class-variance-authority:
        specifier: ^0.7.1
        version: 0.7.1
      clsx:
        specifier: ^2.1.1
        version: 2.1.1
      cmdk:
        specifier: ^1.1.1
        version: 1.1.1(@types/react-dom@19.2.4(@types.react@19.2.18))(@types.react@19.2.18)(react-dom@19.2.8(react@19.2.8))(react@19.2.8)
      date-fns:
        specifier: ^4.1.0
        version: 4.4.0
      embla-carousel-react:
        specifier: ^8.6.0
        version: 8.6.0(react@19.2.8)
      framer-motion:
        specifier: ^12.42.2
        version: 12.43.0(react-dom@19.2.8(react@19.2.8))(react@19.2.8)
      input-otp:
        specifier: ^1.4.2
        version: 1.4.2(react-dom@19.2.8(react@19.2.8))(react@19.2.8)
      jszip:
        specifier: ^3.10.1
        version: 3.10.1
      lucide-react:
        specifier: ^0.575.0
        version: 0.575.0(react@19.2.8)
      react:
        specifier: ^19.2.0
        version: 19.2.8
      react-day-picker:
        specifier: ^9.14.0
        version: 9.14.0(react@19.2.8)
      react-dom:
        specifier: ^19.2.0
        version: 19.2.8(react@19.2.8)
      react-hook-form:
        specifier: ^7.71.2
        version: 7.84.0(react@19.2.8)
      react-resizable-panels:
        specifier: ^4.6.5
        version: 4.12.2(react-dom@19.2.8(react@19.2.8))(react@19.2.8)
      recharts:
        specifier: ^2.15.4
        version: 2.15.4(react-dom@19.2.8(react@19.2.8))(react@19.2.8)
      sonner:
        specifier: ^2.0.7
        version: 2.0.7(react-dom@19.2.8(react@19.2.8))(react@19.2.8)
      tailwind-merge:
        specifier: ^3.5.0
        version: 3.6.0
      tailwindcss:
        specifier: ^4.2.1
        version: 4.3.3
      tus-js-client:
        specifier: ^4.3.1
        version: 4.3.1
      tw-animate-css:
        specifier: ^1.3.4
        version: 1.4.0
      vaul:
        specifier: ^1.1.2
        version: 1.1.2(@types.react-dom@19.2.4(@types.react@19.2.18))(@types.react@19.2.18)(react-dom@19.2.8(react@19.2.8))(react@19.2.8)
      vite-tsconfig-paths:
        specifier: ^6.0.2
        version: 6.1.1(typescript@5.9.3)(vite@8.2.0(@types.node@22.20.1)(jiti@2.7.0))
      zod:
        specifier: ^3.24.2
        version: 3.25.76
    devDependencies:
      '@eslint/js':
        specifier: ^9.32.0
        version: 9.39.5
      '@lovable.dev/vite-tanstack-config':
        specifier: 2.8.5
        version: 2.8.5(@emnapi/core@1.11.3)(@emnapi/runtime@1.11.3)(@tailwindcss/vite@4.3.3(vite@8.2.0(@types.node@22.20.1)(jiti@2.7.0)))(@tanstack/react-start@1.168.35(crossws@0.4.10(srvx@0.11.22))(react-dom@19.2.8(react@19.2.8))(react@19.2.8)(rolldown@1.2.2)(vite@8.2.0(@types.node@22.20.1)(jiti@2.7.0)))(@vitejs/plugin-react@5.2.0(vite@8.2.0(@types.node@22.20.1)(jiti@2.7.0)))(nitro@3.0.260603-beta(@vercel/blob@2.6.1)(chokidar@5.0.0)(jiti@2.7.0)(vite@8.2.0(@types.node@22.20.1)(jiti@2.7.0)))(vite-tsconfig-paths@6.1.1(typescript@5.9.3)(vite@8.2.0(@types.node@22.20.1)(jiti@2.7.0)))(vite@8.2.0(@types.node@22.20.1)(jiti@2.7.0))
      '@types/node':
        specifier: ^22.16.5
        version: 22.20.1
      '@types/react':
        specifier: ^19.2.0
        version: 19.2.18
      '@types/react-dom':
        specifier: ^19.2.0
        version: 19.2.4(@types.react@19.2.18)
      '@vitejs/plugin-react':
        specifier: ^5.2.0
        version: 5.2.0(vite@8.2.0(@types.node@22.20.1)(jiti@2.7.0))
      eslint:
        specifier: ^9.32.0
        version: 9.39.5(jiti@2.7.0)
      eslint-config-prettier:
        specifier: ^10.1.1
        version: 10.1.8(eslint@9.39.5(jiti@2.7.0))
      eslint-plugin-prettier:
        specifier: ^5.2.6
        version: 5.5.6(eslint-config-prettier@10.1.8(eslint@9.39.5(jiti@2.7.0)))(eslint@9.39.5(jiti@2.7.0))(prettier@3.9.6)
      eslint-plugin-react-hooks:
        specifier: ^5.2.0
        version: 5.2.0(eslint@9.39.5(jiti@2.7.0))
      eslint-plugin-react-refresh:
        specifier: ^0.4.20
        version: 0.4.26(eslint@9.39.5(jiti@2.7.0))
      globals:
        specifier: ^15.15.0
        version: 15.15.0
      javascript-obfuscator:
        specifier: ^5.4.3
        version: 5.5.0
      nitro:
        specifier: 3.0.260603-beta
        version: 3.0.260603-beta(@vercel/blob@2.6.1)(chokidar@5.0.0)(jiti@2.7.0)(vite@8.2.0(@types.node@22.20.1)(jiti@2.7.0))
      prettier:
        specifier: ^3.7.3
        version: 3.9.6
      typescript:
        specifier: ^5.8.3
        version: 5.9.3
      typescript-eslint:
        specifier: ^8.56.1
        version: 8.66.0(eslint@9.39.5(jiti@2.7.0))(typescript@5.9.3)
      vite:
        specifier: ^8.0.16
        version: 8.2.0(@types.node@22.20.1)(jiti@2.7.0))

packages:

  jszip@3.10.1:
    dependencies:
      lie: 3.3.0
      pako: 1.0.11
      readable-stream: 2.3.8
      setimmediate: 1.0.5
